{
  "name": "ai-object-detection-master",
  "lockfileVersion": 3,
  "requires": true,
  "packages": {
    "": {
      "dependencies": {
        "tensorflow.js": "^0.0.1"
      }
    },
    "node_modules/tensorflow.js": {
      "version": "0.0.1",
      "resolved": "https://registry.npmjs.org/tensorflow.js/-/tensorflow.js-0.0.1.tgz",
      "integrity": "sha512-uAF5wIlfN7eLKPvIyMR/OzM2FBDWgr4myTuOBhlhMcVNXXOlpsr6H3gfQAi6EZS/KxfIOZg0Rt33Is2BGdnVKg=="
    }
  }
}
